// !$*UTF8*$!
{
	archiveVersion = 1;
	classes = {
	};
	objectVersion = 46;
	objects = {

/* Begin PBXBuildFile section */
		DB82F5271DEEF52300B2F465 /* AppDelegate.swift in Sources */ = {isa = PBXBuildFile; fileRef = DB82F5261DEEF52300B2F465 /* AppDelegate.swift */; };
		DB82F5291DEEF52300B2F465 /* ViewController.swift in Sources */ = {isa = PBXBuildFile; fileRef = DB82F5281DEEF52300B2F465 /* ViewController.swift */; };
		DB82F52B1DEEF52300B2F465 /* Assets.xcassets in Resources */ = {isa = PBXBuildFile; fileRef = DB82F52A1DEEF52300B2F465 /* Assets.xcassets */; };
		DB82F52E1DEEF52300B2F465 /* Main.storyboard in Resources */ = {isa = PBXBuildFile; fileRef = DB82F52C1DEEF52300B2F465 /* Main.storyboard */; };
		DB82F5391DEEF52400B2F465 /* Xcode8GitExampleTests.swift in Sources */ = {isa = PBXBuildFile; fileRef = DB82F5381DEEF52400B2F465 /* Xcode8GitExampleTests.swift */; };
		DB82F5441DEEF52400B2F465 /* Xcode8GitExampleUITests.swift in Sources */ = {isa = PBXBuildFile; fileRef = DB82F5431DEEF52400B2F465 /* Xcode8GitExampleUITests.swift */; };
/* End PBXBuildFile section */

/* Begin PBXContainerItemProxy section */
		DB82F5351DEEF52400B2F465 /* PBXContainerItemProxy */ = {
			isa = PBXContainerItemProxy;
			containerPortal = DB82F51B1DEEF52300B2F465 /* Project object */;
			proxyType = 1;
			remoteGlobalIDString = DB82F5221DEEF52300B2F465;
			remoteInfo = Xcode8GitExample;
		};
		DB82F5401DEEF52400B2F465 /* PBXContainerItemProxy */ = {
			isa = PBXContainerItemProxy;
			containerPortal = DB82F51B1DEEF52300B2F465 /* Project object */;
			proxyType = 1;
			remoteGlobalIDString = DB82F5221DEEF52300B2F465;
			remoteInfo = Xcode8GitExample;
		};
/* End PBXContainerItemProxy section */

/* Begin PBXFileReference section */
		DB82F5231DEEF52300B2F465 /* Xcode8GitExample.app */ = {isa = PBXFileReference; explicitFileType = wrapper.application; includeInIndex = 0; path = Xcode8GitExample.app; sourceTree = BUILT_PRODUCTS_DIR; };
		DB82F5261DEEF52300B2F465 /* AppDelegate.swift */ = {isa = PBXFileReference; lastKnownFileType = sourcecode.swift; path = AppDelegate.swift; sourceTree = "<group>"; };
		DB82F5281DEEF52300B2F465 /* ViewController.swift */ = {isa = PBXFileReference; lastKnownFileType = sourcecode.swift; path = ViewController.swift; sourceTree = "<group>"; };
		DB82F52A1DEEF52300B2F465 /* Assets.xcassets */ = {isa = PBXFileReference; lastKnownFileType = folder.assetcatalog; path = Assets.xcassets; sourceTree = "<group>"; };
		DB82F52D1DEEF52300B2F465 /* Base */ = {isa = PBXFileReference; lastKnownFileType = file.storyboard; name = Base; path = Base.lproj/Main.storyboard; sourceTree = "<group>"; };
		DB82F52F1DEEF52300B2F465 /* Info.plist */ = {isa = PBXFileReference; lastKnownFileType = text.plist.xml; path = Info.plist; sourceTree = "<group>"; };
		DB82F5341DEEF52400B2F465 /* Xcode8GitExampleTests.xctest */ = {isa = PBXFileReference; explicitFileType = wrapper.cfbundle; includeInIndex = 0; path = Xcode8GitExampleTests.xctest; sourceTree = BUILT_PRODUCTS_DIR; };
		DB82F5381DEEF52400B2F465 /* Xcode8GitExampleTests.swift */ = {isa = PBXFileReference; lastKnownFileType = sourcecode.swift; path = Xcode8GitExampleTests.swift; sourceTree = "<group>"; };
		DB82F53A1DEEF52400B2F465 /* Info.plist */ = {isa = PBXFileReference; lastKnownFileType = text.plist.xml; path = Info.plist; sourceTree = "<group>"; };
		DB82F53F1DEEF52400B2F465 /* Xcode8GitExampleUITests.xctest */ = {isa = PBXFileReference; explicitFileType = wrapper.cfbundle; includeInIndex = 0; path = Xcode8GitExampleUITests.xctest; sourceTree = BUILT_PRODUCTS_DIR; };
		DB82F5431DEEF52400B2F465 /* Xcode8GitExampleUITests.swift */ = {isa = PBXFileReference; lastKnownFileType = sourcecode.swift; path = Xcode8GitExampleUITests.swift; sourceTree = "<group>"; };
		DB82F5451DEEF52400B2F465 /* Info.plist */ = {isa = PBXFileReference; lastKnownFileType = text.plist.xml; path = Info.plist; sourceTree = "<group>"; };
/* End PBXFileReference section */

/* Begin PBXFrameworksBuildPhase section */
		DB82F5201DEEF52300B2F465 /* Frameworks */ = {
			isa = PBXFrameworksBuildPhase;
			buildActionMask = 2147483647;
			files = (
			);
			runOnlyForDeploymentPostprocessing = 0;
		};
		DB82F5311DEEF52400B2F465 /* Frameworks */ = {
			isa = PBXFrameworksBuildPhase;
			buildActionMask = 2147483647;
			files = (
			);
			runOnlyForDeploymentPostprocessing = 0;
		};
		DB82F53C1DEEF52400B2F465 /* Frameworks */ = {
			isa = PBXFrameworksBuildPhase;
			buildActionMask = 2147483647;
			files = (
			);
			runOnlyForDeploymentPostprocessing = 0;
		};
/* End PBXFrameworksBuildPhase section */

/* Begin PBXGroup section */
		DB82F51A1DEEF52300B2F465 = {
			isa = PBXGroup;
			children = (
				DB82F5251DEEF52300B2F465 /* Xcode8GitExample */,
				DB82F5371DEEF52400B2F465 /* Xcode8GitExampleTests */,
				DB82F5421DEEF52400B2F465 /* Xcode8GitExampleUITests */,
				DB82F5241DEEF52300B2F465 /* Products */,
			);
			sourceTree = "<group>";
		};
		DB82F5241DEEF52300B2F465 /* Products */ = {
			isa = PBXGroup;
			children = (
				DB82F5231DEEF52300B2F465 /* Xcode8GitExample.app */,
				DB82F5341DEEF52400B2F465 /* Xcode8GitExampleTests.xctest */,
				DB82F53F1DEEF52400B2F465 /* Xcode8GitExampleUITests.xctest */,
			);
			name = Products;
			sourceTree = "<group>";
		};
		DB82F5251DEEF52300B2F465 /* Xcode8GitExample */ = {
			isa = PBXGroup;
			children = (
				DB82F5261DEEF52300B2F465 /* AppDelegate.swift */,
				DB82F5281DEEF52300B2F465 /* ViewController.swift */,
				DB82F52A1DEEF52300B2F465 /* Assets.xcassets */,
				DB82F52C1DEEF52300B2F465 /* Main.storyboard */,
				DB82F52F1DEEF52300B2F465 /* Info.plist */,
			);
			path = Xcode8GitExample;
			sourceTree = "<group>";
		};
		DB82F5371DEEF52400B2F465 /* Xcode8GitExampleTests */ = {
			isa = PBXGroup;
			children = (
				DB82F5381DEEF52400B2F465 /* Xcode8GitExampleTests.swift */,
				DB82F53A1DEEF52400B2F465 /* Info.plist */,
			);
			path = Xcode8GitExampleTests;
			sourceTree = "<group>";
		};
		DB82F5421DEEF52400B2F465 /* Xcode8GitExampleUITests */ = {
			isa = PBXGroup;
			children = (
				DB82F5431DEEF52400B2F465 /* Xcode8GitExampleUITests.swift */,
				DB82F5451DEEF52400B2F465 /* Info.plist */,
			);
			path = Xcode8GitExampleUITests;
			sourceTree = "<group>";
		};
/* End PBXGroup section */

/* Begin PBXNativeTarget section */
		DB82F5221DEEF52300B2F465 /* Xcode8GitExample */ = {
			isa = PBXNativeTarget;
			buildConfigurationList = DB82F5481DEEF52400B2F465 /* Build configuration list for PBXNativeTarget "Xcode8GitExample" */;
			buildPhases = (
				DB82F51F1DEEF52300B2F465 /* Sources */,
				DB82F5201DEEF52300B2F465 /* Frameworks */,
				DB82F5211DEEF52300B2F465 /* Resources */,
			);
			buildRules = (
			);
			dependencies = (
			);
			name = Xcode8GitExample;
			productName = Xcode8GitExample;
			productReference = DB82F5231DEEF52300B2F465 /* Xcode8GitExample.app */;
			productType = "com.apple.product-type.application";
		};
		DB82F5331DEEF52400B2F465 /* Xcode8GitExampleTests */ = {
			isa = PBXNativeTarget;
			buildConfigurationList = DB82F54B1DEEF52400B2F465 /* Build configuration list for PBXNativeTarget "Xcode8GitExampleTests" */;
			buildPhases = (
				DB82F5301DEEF52400B2F465 /* Sources */,
				DB82F5311DEEF52400B2F465 /* Frameworks */,
				DB82F5321DEEF52400B2F465 /* Resources */,
			);
			buildRules = (
			);
			dependencies = (
				DB82F5361DEEF52400B2F465 /* PBXTargetDependency */,
			);
			name = Xcode8GitExampleTests;
			productName = Xcode8GitExampleTests;
			productReference = DB82F5341DEEF52400B2F465 /* Xcode8GitExampleTests.xctest */;
			productType = "com.apple.product-type.bundle.unit-test";
		};
		DB82F53E1DEEF52400B2F465 /* Xcode8GitExampleUITests */ = {
			isa = PBXNativeTarget;
			buildConfigurationList = DB82F54E1DEEF52400B2F465 /* Build configuration list for PBXNativeTarget "Xcode8GitExampleUITests" */;
			buildPhases = (
				DB82F53B1DEEF52400B2F465 /* Sources */,
				DB82F53C1DEEF52400B2F465 /* Frameworks */,
				DB82F53D1DEEF52400B2F465 /* Resources */,
			);
			buildRules = (
			);
			dependencies = (
				DB82F5411DEEF52400B2F465 /* PBXTargetDependency */,
			);
			name = Xcode8GitExampleUITests;
			productName = Xcode8GitExampleUITests;
			productReference = DB82F53F1DEEF52400B2F465 /* Xcode8GitExampleUITests.xctest */;
			productType = "com.apple.product-type.bundle.ui-testing";
		};
/* End PBXNativeTarget section */

/* Begin PBXProject section */
		DB82F51B1DEEF52300B2F465 /* Project object */ = {
			isa = PBXProject;
			attributes = {
				LastSwiftUpdateCheck = 0810;
				LastUpgradeCheck = 0810;
				ORGANIZATIONNAME = "Rüttger Mediendesign";
				TargetAttributes = {
					DB82F5221DEEF52300B2F465 = {
						CreatedOnToolsVersion = 8.1;
						ProvisioningStyle = Automatic;
					};
					DB82F5331DEEF52400B2F465 = {
						CreatedOnToolsVersion = 8.1;
						ProvisioningStyle = Automatic;
						TestTargetID = DB82F5221DEEF52300B2F465;
					};
					DB82F53E1DEEF52400B2F465 = {
						CreatedOnToolsVersion = 8.1;
						ProvisioningStyle = Automatic;
						TestTargetID = DB82F5221DEEF52300B2F465;
					};
				};
			};
			buildConfigurationList = DB82F51E1DEEF52300B2F465 /* Build configuration list for PBXProject "Xcode8GitExample" */;
			compatibilityVersion = "Xcode 3.2";
			developmentRegion = English;
			hasScannedForEncodings = 0;
			knownRegions = (
				en,
				Base,
			);
			mainGroup = DB82F51A1DEEF52300B2F465;
			productRefGroup = DB82F5241DEEF52300B2F465 /* Products */;
			projectDirPath = "";
			projectRoot = "";
			targets = (
				DB82F5221DEEF52300B2F465 /* Xcode8GitExample */,
				DB82F5331DEEF52400B2F465 /* Xcode8GitExampleTests */,
				DB82F53E1DEEF52400B2F465 /* Xcode8GitExampleUITests */,
			);
		};
/* End PBXProject section */

/* Begin PBXResourcesBuildPhase section */
		DB82F5211DEEF52300B2F465 /* Resources */ = {
			isa = PBXResourcesBuildPhase;
			buildActionMask = 2147483647;
			files = (
				DB82F52B1DEEF52300B2F465 /* Assets.xcassets in Resources */,
				DB82F52E1DEEF52300B2F465 /* Main.storyboard in Resources */,
			);
			runOnlyForDeploymentPostprocessing = 0;
		};
		DB82F5321DEEF52400B2F465 /* Resources */ = {
			isa = PBXResourcesBuildPhase;
			buildActionMask = 2147483647;
			files = (
			);
			runOnlyForDeploymentPostprocessing = 0;
		};
		DB82F53D1DEEF52400B2F465 /* Resources */ = {
			isa = PBXResourcesBuildPhase;
			buildActionMask = 2147483647;
			files = (
			);
			runOnlyForDeploymentPostprocessing = 0;
		};
/* End PBXResourcesBuildPhase section */

/* Begin PBXSourcesBuildPhase section */
		DB82F51F1DEEF52300B2F465 /* Sources */ = {
			isa = PBXSourcesBuildPhase;
			buildActionMask = 2147483647;
			files = (
				DB82F5291DEEF52300B2F465 /* ViewController.swift in Sources */,
				DB82F5271DEEF52300B2F465 /* AppDelegate.swift in Sources */,
			);
			runOnlyForDeploymentPostprocessing = 0;
		};
		DB82F5301DEEF52400B2F465 /* Sources */ = {
			isa = PBXSourcesBuildPhase;
			buildActionMask = 2147483647;
			files = (
				DB82F5391DEEF52400B2F465 /* Xcode8GitExampleTests.swift in Sources */,
			);
			runOnlyForDeploymentPostprocessing = 0;
		};
		DB82F53B1DEEF52400B2F465 /* Sources */ = {
			isa = PBXSourcesBuildPhase;
			buildActionMask = 2147483647;
			files = (
				DB82F5441DEEF52400B2F465 /* Xcode8GitExampleUITests.swift in Sources */,
			);
			runOnlyForDeploymentPostprocessing = 0;
		};
/* End PBXSourcesBuildPhase section */

/* Begin PBXTargetDependency section */
		DB82F5361DEEF52400B2F465 /* PBXTargetDependency */ = {
			isa = PBXTargetDependency;
			target = DB82F5221DEEF52300B2F465 /* Xcode8GitExample */;
			targetProxy = DB82F5351DEEF52400B2F465 /* PBXContainerItemProxy */;
		};
		DB82F5411DEEF52400B2F465 /* PBXTargetDependency */ = {
			isa = PBXTargetDependency;
			target = DB82F5221DEEF52300B2F465 /* Xcode8GitExample */;
			targetProxy = DB82F5401DEEF52400B2F465 /* PBXContainerItemProxy */;
		};
/* End PBXTargetDependency section */

/* Begin PBXVariantGroup section */
		DB82F52C1DEEF52300B2F465 /* Main.storyboard */ = {
			isa = PBXVariantGroup;
			children = (
				DB82F52D1DEEF52300B2F465 /* Base */,
			);
			name = Main.storyboard;
			sourceTree = "<group>";
		};
/* End PBXVariantGroup section */

/* Begin XCBuildConfiguration section */
		DB82F5461DEEF52400B2F465 /* Debug */ = {
			isa = XCBuildConfiguration;
			buildSettings = {
				ALWAYS_SEARCH_USER_PATHS = NO;
				CLANG_ANALYZER_NONNULL = YES;
				CLANG_CXX_LANGUAGE_STANDARD = "gnu++0x";
				CLANG_CXX_LIBRARY = "libc++";
				CLANG_ENABLE_MODULES = YES;
				CLANG_ENABLE_OBJC_ARC = YES;
				CLANG_WARN_BOOL_CONVERSION = YES;
				CLANG_WARN_CONSTANT_CONVERSION = YES;
				CLANG_WARN_DIRECT_OBJC_ISA_USAGE = YES_ERROR;
				CLANG_WARN_DOCUMENTATION_COMMENTS = YES;
				CLANG_WARN_EMPTY_BODY = YES;
				CLANG_WARN_ENUM_CONVERSION = YES;
				CLANG_WARN_INFINITE_RECURSION = YES;
				CLANG_WARN_INT_CONVERSION = YES;
				CLANG_WARN_OBJC_ROOT_CLASS = YES_ERROR;
				CLANG_WARN_SUSPICIOUS_MOVES = YES;
				CLANG_WARN_UNREACHABLE_CODE = YES;
				CLANG_WARN__DUPLICATE_METHOD_MATCH = YES;
				CODE_SIGN_IDENTITY = "-";
				COPY_PHASE_STRIP = NO;
				DEBUG_INFORMATION_FORMAT = dwarf;
				ENABLE_STRICT_OBJC_MSGSEND = YES;
				ENABLE_TESTABILITY = YES;
				GCC_C_LANGUAGE_STANDARD = gnu99;
				GCC_DYNAMIC_NO_PIC = NO;
				GCC_NO_COMMON_BLOCKS = YES;
				GCC_OPTIMIZATION_LEVEL = 0;
				GCC_PREPROCESSOR_DEFINITIONS = (
					"DEBUG=1",
					"$(inherited)",
				);
				GCC_WARN_64_TO_32_BIT_CONVERSION = YES;
				GCC_WARN_ABOUT_RETURN_TYPE = YES_ERROR;
				GCC_WARN_UNDECLARED_SELECTOR = YES;
				GCC_WARN_UNINITIALIZED_AUTOS = YES_AGGRESSIVE;
				GCC_WARN_UNUSED_FUNCTION = YES;
				GCC_WARN_UNUSED_VARIABLE = YES;
				MACOSX_DEPLOYMENT_TARGET = 10.12;
				MTL_ENABLE_DEBUG_INFO = YES;
				ONLY_ACTIVE_ARCH = YES;
				SDKROOT = macosx;
				SWIFT_ACTIVE_COMPILATION_CONDITIONS = DEBUG;
				SWIFT_OPTIMIZATION_LEVEL = "-Onone";
			};
			name = Debug;
		};
		DB82F5471DEEF52400B2F465 /* Release */ = {
			isa = XCBuildConfiguration;
			buildSettings = {
				ALWAYS_SEARCH_USER_PATHS = NO;
				CLANG_ANALYZER_NONNULL = YES;
				CLANG_CXX_LANGUAGE_STANDARD = "gnu++0x";
				CLANG_CXX_LIBRARY = "libc++";
				CLANG_ENABLE_MODULES = YES;
				CLANG_ENABLE_OBJC_ARC = YES;
				CLANG_WARN_BOOL_CONVERSION = YES;
				CLANG_WARN_CONSTANT_CONVERSION = YES;
				CLANG_WARN_DIRECT_OBJC_ISA_USAGE = YES_ERROR;
				CLANG_WARN_DOCUMENTATION_COMMENTS = YES;
				CLANG_WARN_EMPTY_BODY = YES;
				CLANG_WARN_ENUM_CONVERSION = YES;
				CLANG_WARN_INFINITE_RECURSION = YES;
				CLANG_WARN_INT_CONVERSION = YES;
				CLANG_WARN_OBJC_ROOT_CLASS = YES_ERROR;
				CLANG_WARN_SUSPICIOUS_MOVES = YES;
				CLANG_WARN_UNREACHABLE_CODE = YES;
				CLANG_WARN__DUPLICATE_METHOD_MATCH = YES;
				CODE_SIGN_IDENTITY = "-";
				COPY_PHASE_STRIP = NO;
				DEBUG_INFORMATION_FORMAT = "dwarf-with-dsym";
				ENABLE_NS_ASSERTIONS = NO;
				ENABLE_STRICT_OBJC_MSGSEND = YES;
				GCC_C_LANGUAGE_STANDARD = gnu99;
				GCC_NO_COMMON_BLOCKS = YES;
				GCC_WARN_64_TO_32_BIT_CONVERSION = YES;
				GCC_WARN_ABOUT_RETURN_TYPE = YES_ERROR;
				GCC_WARN_UNDECLARED_SELECTOR = YES;
				GCC_WARN_UNINITIALIZED_AUTOS = YES_AGGRESSIVE;
				GCC_WARN_UNUSED_FUNCTION = YES;
				GCC_WARN_UNUSED_VARIABLE = YES;
				MACOSX_DEPLOYMENT_TARGET = 10.12;
				MTL_ENABLE_DEBUG_INFO = NO;
				SDKROOT = macosx;
				SWIFT_OPTIMIZATION_LEVEL = "-Owholemodule";
			};
			name = Release;
		};
		DB82F5491DEEF52400B2F465 /* Debug */ = {
			isa = XCBuildConfiguration;
			buildSettings = {
				ASSETCATALOG_COMPILER_APPICON_NAME = AppIcon;
				COMBINE_HIDPI_IMAGES = YES;
				INFOPLIST_FILE = Xcode8GitExample/Info.plist;
				LD_RUNPATH_SEARCH_PATHS = "$(inherited) @executable_path/../Frameworks";
				PRODUCT_BUNDLE_IDENTIFIER = com.ruettgermediendesign.Xcode8GitExample;
				PRODUCT_NAME = "$(TARGET_NAME)";
				SWIFT_VERSION = 3.0;
			};
			name = Debug;
		};
		DB82F54A1DEEF52400B2F465 /* Release */ = {
			isa = XCBuildConfiguration;
			buildSettings = {
				ASSETCATALOG_COMPILER_APPICON_NAME = AppIcon;
				COMBINE_HIDPI_IMAGES = YES;
				INFOPLIST_FILE = Xcode8GitExample/Info.plist;
				LD_RUNPATH_SEARCH_PATHS = "$(inherited) @executable_path/../Frameworks";
				PRODUCT_BUNDLE_IDENTIFIER = com.ruettgermediendesign.Xcode8GitExample;
				PRODUCT_NAME = "$(TARGET_NAME)";
				SWIFT_VERSION = 3.0;
			};
			name = Release;
		};
		DB82F54C1DEEF52400B2F465 /* Debug */ = {
			isa = XCBuildConfiguration;
			buildSettings = {
				ALWAYS_EMBED_SWIFT_STANDARD_LIBRARIES = YES;
				BUNDLE_LOADER = "$(TEST_HOST)";
				COMBINE_HIDPI_IMAGES = YES;
				INFOPLIST_FILE = Xcode8GitExampleTests/Info.plist;
				LD_RUNPATH_SEARCH_PATHS = "$(inherited) @executable_path/../Frameworks @loader_path/../Frameworks";
				PRODUCT_BUNDLE_IDENTIFIER = com.ruettgermediendesign.Xcode8GitExampleTests;
				PRODUCT_NAME = "$(TARGET_NAME)";
				SWIFT_VERSION = 3.0;
				TEST_HOST = "$(BUILT_PRODUCTS_DIR)/Xcode8GitExample.app/Contents/MacOS/Xcode8GitExample";
			};
			name = Debug;
		};
		DB82F54D1DEEF52400B2F465 /* Release */ = {
			isa = XCBuildConfiguration;
			buildSettings = {
				ALWAYS_EMBED_SWIFT_STANDARD_LIBRARIES = YES;
				BUNDLE_LOADER = "$(TEST_HOST)";
				COMBINE_HIDPI_IMAGES = YES;
				INFOPLIST_FILE = Xcode8GitExampleTests/Info.plist;
				LD_RUNPATH_SEARCH_PATHS = "$(inherited) @executable_path/../Frameworks @loader_path/../Frameworks";
				PRODUCT_BUNDLE_IDENTIFIER = com.ruettgermediendesign.Xcode8GitExampleTests;
				PRODUCT_NAME = "$(TARGET_NAME)";
				SWIFT_VERSION = 3.0;
				TEST_HOST = "$(BUILT_PRODUCTS_DIR)/Xcode8GitExample.app/Contents/MacOS/Xcode8GitExample";
			};
			name = Release;
		};
		DB82F54F1DEEF52400B2F465 /* Debug */ = {
			isa = XCBuildConfiguration;
			buildSettings = {
				ALWAYS_EMBED_SWIFT_STANDARD_LIBRARIES = YES;
				COMBINE_HIDPI_IMAGES = YES;
				INFOPLIST_FILE = Xcode8GitExampleUITests/Info.plist;
				LD_RUNPATH_SEARCH_PATHS = "$(inherited) @executable_path/../Frameworks @loader_path/../Frameworks";
				PRODUCT_BUNDLE_IDENTIFIER = com.ruettgermediendesign.Xcode8GitExampleUITests;
				PRODUCT_NAME = "$(TARGET_NAME)";
				SWIFT_VERSION = 3.0;
				TEST_TARGET_NAME = Xcode8GitExample;
			};
			name = Debug;
		};
		DB82F5501DEEF52400B2F465 /* Release */ = {
			isa = XCBuildConfiguration;
			buildSettings = {
				ALWAYS_EMBED_SWIFT_STANDARD_LIBRARIES = YES;
				COMBINE_HIDPI_IMAGES = YES;
				INFOPLIST_FILE = Xcode8GitExampleUITests/Info.plist;
				LD_RUNPATH_SEARCH_PATHS = "$(inherited) @executable_path/../Frameworks @loader_path/../Frameworks";
				PRODUCT_BUNDLE_IDENTIFIER = com.ruettgermediendesign.Xcode8GitExampleUITests;
				PRODUCT_NAME = "$(TARGET_NAME)";
				SWIFT_VERSION = 3.0;
				TEST_TARGET_NAME = Xcode8GitExample;
			};
			name = Release;
		};
/* End XCBuildConfiguration section */

/* Begin XCConfigurationList section */
		DB82F51E1DEEF52300B2F465 /* Build configuration list for PBXProject "Xcode8GitExample" */ = {
			isa = XCConfigurationList;
			buildConfigurations = (
				DB82F5461DEEF52400B2F465 /* Debug */,
				DB82F5471DEEF52400B2F465 /* Release */,
			);
			defaultConfigurationIsVisible = 0;
			defaultConfigurationName = Release;
		};
		DB82F5481DEEF52400B2F465 /* Build configuration list for PBXNativeTarget "Xcode8GitExample" */ = {
			isa = XCConfigurationList;
			buildConfigurations = (
				DB82F5491DEEF52400B2F465 /* Debug */,
				DB82F54A1DEEF52400B2F465 /* Release */,
			);
			defaultConfigurationIsVisible = 0;
		};
		DB82F54B1DEEF52400B2F465 /* Build configuration list for PBXNativeTarget "Xcode8GitExampleTests" */ = {
			isa = XCConfigurationList;
			buildConfigurations = (
				DB82F54C1DEEF52400B2F465 /* Debug */,
				DB82F54D1DEEF52400B2F465 /* Release */,
			);
			defaultConfigurationIsVisible = 0;
		};
		DB82F54E1DEEF52400B2F465 /* Build configuration list for PBXNativeTarget "Xcode8GitExampleUITests" */ = {
			isa = XCConfigurationList;
			buildConfigurations = (
				DB82F54F1DEEF52400B2F465 /* Debug */,
				DB82F5501DEEF52400B2F465 /* Release */,
			);
			defaultConfigurationIsVisible = 0;
		};
/* End XCConfigurationList section */
	};
	rootObject = DB82F51B1DEEF52300B2F465 /* Project object */;
}
